{
    "requires": true,
    "lockfileVersion": 1,
    "dependencies": {
        "ansi-regex": {
            "version": "2.1.1",
            "resolved": "https://registry.npmjs.org/ansi-regex/-/ansi-regex-2.1.1.tgz",
            "integrity": "sha1-w7M6te42DYbg5ijwRorn7yfWVN8="
        },
        "ansi-styles": {
            "version": "2.2.1",
            "resolved": "https://registry.npmjs.org/ansi-styles/-/ansi-styles-2.2.1.tgz",
            "integrity": "sha1-tDLdM1i2NM914eRmQ2gkBTPB3b4="
        },
        "array-find-index": {
            "version": "1.0.2",
            "resolved": "https://registry.npmjs.org/array-find-index/-/array-find-index-1.0.2.tgz",
            "integrity": "sha1-3wEKoSh+Fku9pvlyOwqWoexBh6E="
        },
        "array.prototype.map": {
            "version": "1.0.2",
            "resolved": "https://registry.npmjs.org/array.prototype.map/-/array.prototype.map-1.0.2.tgz",
            "integrity": "sha512-Az3OYxgsa1g7xDYp86l0nnN4bcmuEITGe1rbdEBVkrqkzMgDcbdQ2R7r41pNzti+4NMces3H8gMmuioZUilLgw==",
            "requires": {
                "define-properties": "^1.1.3",
                "es-abstract": "^1.17.0-next.1",
                "es-array-method-boxes-properly": "^1.0.0",
                "is-string": "^1.0.4"
            }
        },
        "async-limiter": {
            "version": "1.0.1",
            "resolved": "https://registry.npmjs.org/async-limiter/-/async-limiter-1.0.1.tgz",
            "integrity": "sha512-csOlWGAcRFJaI6m+F2WKdnMKr4HhdhFVBk0H/QbJFMCr+uO2kwohwXQPxw/9OCxp05r5ghVBFSyioixx3gfkNQ=="
        },
        "aws-sdk": {
            "version": "2.545.0",
            "resolved": "https://registry.npmjs.org/aws-sdk/-/aws-sdk-2.545.0.tgz",
            "integrity": "sha512-oQjpvvTkh2a7CvWhSUcFQWkpfkM3wVpzvLgGMInoZ6QIOsuQ+oNKz+zq48yQ619/GP8XnOh0zBQJLcYaa3XAKw==",
            "requires": {
                "buffer": "4.9.1",
                "events": "1.1.1",
                "ieee754": "1.1.13",
                "jmespath": "0.15.0",
                "querystring": "0.2.0",
                "sax": "1.2.1",
                "url": "0.10.3",
                "uuid": "3.3.2",
                "xml2js": "0.4.19"
            }
        },
        "base64-js": {
            "version": "1.3.1",
            "resolved": "https://registry.npmjs.org/base64-js/-/base64-js-1.3.1.tgz",
            "integrity": "sha512-mLQ4i2QO1ytvGWFWmcngKO//JXAQueZvwEKtjgQFM4jIK0kU+ytMfplL8j+n5mspOfjHwoAg+9yhb7BwAHm36g=="
        },
        "buffer": {
            "version": "4.9.1",
            "resolved": "https://registry.npmjs.org/buffer/-/buffer-4.9.1.tgz",
            "integrity": "sha1-bRu2AbB6TvztlwlBMgkwJ8lbwpg=",
            "requires": {
                "base64-js": "^1.0.2",
                "ieee754": "^1.1.4",
                "isarray": "^1.0.0"
            }
        },
        "camelcase": {
            "version": "2.1.1",
            "resolved": "https://registry.npmjs.org/camelcase/-/camelcase-2.1.1.tgz",
            "integrity": "sha1-fB0W1nmhu+WcoCys7PsBHiAfWh8="
        },
        "camelcase-keys": {
            "version": "2.1.0",
            "resolved": "https://registry.npmjs.org/camelcase-keys/-/camelcase-keys-2.1.0.tgz",
            "integrity": "sha1-MIvur/3ygRkFHvodkyITyRuPkuc=",
            "requires": {
                "camelcase": "^2.0.0",
                "map-obj": "^1.0.0"
            }
        },
        "chalk": {
            "version": "1.1.3",
            "resolved": "https://registry.npmjs.org/chalk/-/chalk-1.1.3.tgz",
            "integrity": "sha1-qBFcVeSnAv5NFQq9OHKCKn4J/Jg=",
            "requires": {
                "ansi-styles": "^2.2.1",
                "escape-string-regexp": "^1.0.2",
                "has-ansi": "^2.0.0",
                "strip-ansi": "^3.0.0",
                "supports-color": "^2.0.0"
            }
        },
        "console-stamp": {
            "version": "0.2.9",
            "resolved": "https://registry.npmjs.org/console-stamp/-/console-stamp-0.2.9.tgz",
            "integrity": "sha512-jtgd1Fx3Im+pWN54mF269ptunkzF5Lpct2LBTbtyNoK2A4XjcxLM+TQW+e+XE/bLwLQNGRqPqlxm9JMixFntRA==",
            "requires": {
                "chalk": "^1.1.1",
                "dateformat": "^1.0.11",
                "merge": "^1.2.0"
            }
        },
        "currently-unhandled": {
            "version": "0.4.1",
            "resolved": "https://registry.npmjs.org/currently-unhandled/-/currently-unhandled-0.4.1.tgz",
            "integrity": "sha1-mI3zP+qxke95mmE2nddsF635V+o=",
            "requires": {
                "array-find-index": "^1.0.1"
            }
        },
        "dateformat": {
            "version": "1.0.12",
            "resolved": "https://registry.npmjs.org/dateformat/-/dateformat-1.0.12.tgz",
            "integrity": "sha1-nxJLZ1lMk3/3BpMuSmQsyo27/uk=",
            "requires": {
                "get-stdin": "^4.0.1",
                "meow": "^3.3.0"
            }
        },
        "decamelize": {
            "version": "1.2.0",
            "resolved": "https://registry.npmjs.org/decamelize/-/decamelize-1.2.0.tgz",
            "integrity": "sha1-9lNNFRSCabIDUue+4m9QH5oZEpA="
        },
        "define-properties": {
            "version": "1.1.3",
            "resolved": "https://registry.npmjs.org/define-properties/-/define-properties-1.1.3.tgz",
            "integrity": "sha512-3MqfYKj2lLzdMSf8ZIZE/V+Zuy+BgD6f164e8K2w7dgnpKArBDerGYpM46IYYcjnkdPNMjPk9A6VFB8+3SKlXQ==",
            "requires": {
                "object-keys": "^1.0.12"
            }
        },
        "discord.js": {
            "version": "11.5.1",
            "resolved": "https://registry.npmjs.org/discord.js/-/discord.js-11.5.1.tgz",
            "integrity": "sha512-tGhV5xaZXE3Z+4uXJb3hYM6gQ1NmnSxp9PClcsSAYFVRzH6AJH74040mO3afPDMWEAlj8XsoPXXTJHTxesqcGw==",
            "requires": {
                "long": "^4.0.0",
                "prism-media": "^0.0.3",
                "snekfetch": "^3.6.4",
                "tweetnacl": "^1.0.0",
                "ws": "^6.0.0"
            }
        },
        "error-ex": {
            "version": "1.3.2",
            "resolved": "https://registry.npmjs.org/error-ex/-/error-ex-1.3.2.tgz",
            "integrity": "sha512-7dFHNmqeFSEt2ZBsCriorKnn3Z2pj+fd9kmI6QoWw4//DL+icEBfc0U7qJCisqrTsKTjw4fNFy2pW9OqStD84g==",
            "requires": {
                "is-arrayish": "^0.2.1"
            }
        },
        "es-abstract": {
            "version": "1.17.0",
            "resolved": "https://registry.npmjs.org/es-abstract/-/es-abstract-1.17.0.tgz",
            "integrity": "sha512-yYkE07YF+6SIBmg1MsJ9dlub5L48Ek7X0qz+c/CPCHS9EBXfESorzng4cJQjJW5/pB6vDF41u7F8vUhLVDqIug==",
            "requires": {
                "es-to-primitive": "^1.2.1",
                "function-bind": "^1.1.1",
                "has": "^1.0.3",
                "has-symbols": "^1.0.1",
                "is-callable": "^1.1.5",
                "is-regex": "^1.0.5",
                "object-inspect": "^1.7.0",
                "object-keys": "^1.1.1",
                "object.assign": "^4.1.0",
                "string.prototype.trimleft": "^2.1.1",
                "string.prototype.trimright": "^2.1.1"
            }
        },
        "es-array-method-boxes-properly": {
            "version": "1.0.0",
            "resolved": "https://registry.npmjs.org/es-array-method-boxes-properly/-/es-array-method-boxes-properly-1.0.0.tgz",
            "integrity": "sha512-wd6JXUmyHmt8T5a2xreUwKcGPq6f1f+WwIJkijUqiGcJz1qqnZgP6XIK+QyIWU5lT7imeNxUll48bziG+TSYcA=="
        },
        "es-get-iterator": {
            "version": "1.0.2",
            "resolved": "https://registry.npmjs.org/es-get-iterator/-/es-get-iterator-1.0.2.tgz",
            "integrity": "sha512-ZHb4fuNK3HKHEOvDGyHPKf5cSWh/OvAMskeM/+21NMnTuvqFvz8uHatolu+7Kf6b6oK9C+3Uo1T37pSGPWv0MA==",
            "requires": {
                "es-abstract": "^1.17.0-next.1",
                "has-symbols": "^1.0.1",
                "is-arguments": "^1.0.4",
                "is-map": "^2.0.0",
                "is-set": "^2.0.0",
                "is-string": "^1.0.4",
                "isarray": "^2.0.5"
            },
            "dependencies": {
                "isarray": {
                    "version": "2.0.5",
                    "resolved": "https://registry.npmjs.org/isarray/-/isarray-2.0.5.tgz",
                    "integrity": "sha512-xHjhDr3cNBK0BzdUJSPXZntQUx/mwMS5Rw4A7lPJ90XGAO6ISP/ePDNuo0vhqOZU+UD5JoodwCAAoZQd3FeAKw=="
                }
            }
        },
        "es-to-primitive": {
            "version": "1.2.1",
            "resolved": "https://registry.npmjs.org/es-to-primitive/-/es-to-primitive-1.2.1.tgz",
            "integrity": "sha512-QCOllgZJtaUo9miYBcLChTUaHNjJF3PYs1VidD7AwiEj1kYxKeQTctLAezAOH5ZKRH0g2IgPn6KwB4IT8iRpvA==",
            "requires": {
                "is-callable": "^1.1.4",
                "is-date-object": "^1.0.1",
                "is-symbol": "^1.0.2"
            }
        },
        "escape-string-regexp": {
            "version": "1.0.5",
            "resolved": "https://registry.npmjs.org/escape-string-regexp/-/escape-string-regexp-1.0.5.tgz",
            "integrity": "sha1-G2HAViGQqN/2rjuyzwIAyhMLhtQ="
        },
        "events": {
            "version": "1.1.1",
            "resolved": "https://registry.npmjs.org/events/-/events-1.1.1.tgz",
            "integrity": "sha1-nr23Y1rQmccNzEwqH1AEKI6L2SQ="
        },
        "find-up": {
            "version": "1.1.2",
            "resolved": "https://registry.npmjs.org/find-up/-/find-up-1.1.2.tgz",
            "integrity": "sha1-ay6YIrGizgpgq2TWEOzK1TyyTQ8=",
            "requires": {
                "path-exists": "^2.0.0",
                "pinkie-promise": "^2.0.0"
            }
        },
        "function-bind": {
            "version": "1.1.1",
            "resolved": "https://registry.npmjs.org/function-bind/-/function-bind-1.1.1.tgz",
            "integrity": "sha512-yIovAzMX49sF8Yl58fSCWJ5svSLuaibPxXQJFLmBObTuCr0Mf1KiPopGM9NiFjiYBCbfaa2Fh6breQ6ANVTI0A=="
        },
        "get-stdin": {
            "version": "4.0.1",
            "resolved": "https://registry.npmjs.org/get-stdin/-/get-stdin-4.0.1.tgz",
            "integrity": "sha1-uWjGsKBDhDJJAui/Gl3zJXmkUP4="
        },
        "graceful-fs": {
            "version": "4.2.2",
            "resolved": "https://registry.npmjs.org/graceful-fs/-/graceful-fs-4.2.2.tgz",
            "integrity": "sha512-IItsdsea19BoLC7ELy13q1iJFNmd7ofZH5+X/pJr90/nRoPEX0DJo1dHDbgtYWOhJhcCgMDTOw84RZ72q6lB+Q=="
        },
        "has": {
            "version": "1.0.3",
            "resolved": "https://registry.npmjs.org/has/-/has-1.0.3.tgz",
            "integrity": "sha512-f2dvO0VU6Oej7RkWJGrehjbzMAjFp5/VKPp5tTpWIV4JHHZK1/BxbFRtf/siA2SWTe09caDmVtYYzWEIbBS4zw==",
            "requires": {
                "function-bind": "^1.1.1"
            }
        },
        "has-ansi": {
            "version": "2.0.0",
            "resolved": "https://registry.npmjs.org/has-ansi/-/has-ansi-2.0.0.tgz",
            "integrity": "sha1-NPUEnOHs3ysGSa8+8k5F7TVBbZE=",
            "requires": {
                "ansi-regex": "^2.0.0"
            }
        },
        "has-symbols": {
            "version": "1.0.1",
            "resolved": "https://registry.npmjs.org/has-symbols/-/has-symbols-1.0.1.tgz",
            "integrity": "sha512-PLcsoqu++dmEIZB+6totNFKq/7Do+Z0u4oT0zKOJNl3lYK6vGwwu2hjHs+68OEZbTjiUE9bgOABXbP/GvrS0Kg=="
        },
        "hosted-git-info": {
            "version": "2.8.5",
            "resolved": "https://registry.npmjs.org/hosted-git-info/-/hosted-git-info-2.8.5.tgz",
            "integrity": "sha512-kssjab8CvdXfcXMXVcvsXum4Hwdq9XGtRD3TteMEvEbq0LXyiNQr6AprqKqfeaDXze7SxWvRxdpwE6ku7ikLkg=="
        },
        "ieee754": {
            "version": "1.1.13",
            "resolved": "https://registry.npmjs.org/ieee754/-/ieee754-1.1.13.tgz",
            "integrity": "sha512-4vf7I2LYV/HaWerSo3XmlMkp5eZ83i+/CDluXi/IGTs/O1sejBNhTtnxzmRZfvOUqj7lZjqHkeTvpgSFDlWZTg=="
        },
        "indent-string": {
            "version": "2.1.0",
            "resolved": "https://registry.npmjs.org/indent-string/-/indent-string-2.1.0.tgz",
            "integrity": "sha1-ji1INIdCEhtKghi3oTfppSBJ3IA=",
            "requires": {
                "repeating": "^2.0.0"
            }
        },
        "inherits": {
            "version": "2.0.3",
            "resolved": "https://registry.npmjs.org/inherits/-/inherits-2.0.3.tgz",
            "integrity": "sha1-Yzwsg+PaQqUC9SRmAiSA9CCCYd4="
        },
        "is-arguments": {
            "version": "1.0.4",
            "resolved": "https://registry.npmjs.org/is-arguments/-/is-arguments-1.0.4.tgz",
            "integrity": "sha512-xPh0Rmt8NE65sNzvyUmWgI1tz3mKq74lGA0mL8LYZcoIzKOzDh6HmrYm3d18k60nHerC8A9Km8kYu87zfSFnLA=="
        },
        "is-arrayish": {
            "version": "0.2.1",
            "resolved": "https://registry.npmjs.org/is-arrayish/-/is-arrayish-0.2.1.tgz",
            "integrity": "sha1-d8mYQFJ6qOyxqLppe4BkWnqSap0="
        },
        "is-callable": {
            "version": "1.1.5",
            "resolved": "https://registry.npmjs.org/is-callable/-/is-callable-1.1.5.tgz",
            "integrity": "sha512-ESKv5sMCJB2jnHTWZ3O5itG+O128Hsus4K4Qh1h2/cgn2vbgnLSVqfV46AeJA9D5EeeLa9w81KUXMtn34zhX+Q=="
        },
        "is-date-object": {
            "version": "1.0.2",
            "resolved": "https://registry.npmjs.org/is-date-object/-/is-date-object-1.0.2.tgz",
            "integrity": "sha512-USlDT524woQ08aoZFzh3/Z6ch9Y/EWXEHQ/AaRN0SkKq4t2Jw2R2339tSXmwuVoY7LLlBCbOIlx2myP/L5zk0g=="
        },
        "is-finite": {
            "version": "1.0.2",
            "resolved": "https://registry.npmjs.org/is-finite/-/is-finite-1.0.2.tgz",
            "integrity": "sha1-zGZ3aVYCvlUO8R6LSqYwU0K20Ko=",
            "requires": {
                "number-is-nan": "^1.0.0"
            }
        },
        "is-map": {
            "version": "2.0.1",
            "resolved": "https://registry.npmjs.org/is-map/-/is-map-2.0.1.tgz",
            "integrity": "sha512-T/S49scO8plUiAOA2DBTBG3JHpn1yiw0kRp6dgiZ0v2/6twi5eiB0rHtHFH9ZIrvlWc6+4O+m4zg5+Z833aXgw=="
        },
        "is-regex": {
            "version": "1.0.5",
            "resolved": "https://registry.npmjs.org/is-regex/-/is-regex-1.0.5.tgz",
            "integrity": "sha512-vlKW17SNq44owv5AQR3Cq0bQPEb8+kF3UKZ2fiZNOWtztYE5i0CzCZxFDwO58qAOWtxdBRVO/V5Qin1wjCqFYQ==",
            "requires": {
                "has": "^1.0.3"
            }
        },
        "is-set": {
            "version": "2.0.1",
            "resolved": "https://registry.npmjs.org/is-set/-/is-set-2.0.1.tgz",
            "integrity": "sha512-eJEzOtVyenDs1TMzSQ3kU3K+E0GUS9sno+F0OBT97xsgcJsF9nXMBtkT9/kut5JEpM7oL7X/0qxR17K3mcwIAA=="
        },
        "is-string": {
            "version": "1.0.5",
            "resolved": "https://registry.npmjs.org/is-string/-/is-string-1.0.5.tgz",
            "integrity": "sha512-buY6VNRjhQMiF1qWDouloZlQbRhDPCebwxSjxMjxgemYT46YMd2NR0/H+fBhEfWX4A/w9TBJ+ol+okqJKFE6vQ=="
        },
        "is-symbol": {
            "version": "1.0.3",
            "resolved": "https://registry.npmjs.org/is-symbol/-/is-symbol-1.0.3.tgz",
            "integrity": "sha512-OwijhaRSgqvhm/0ZdAcXNZt9lYdKFpcRDT5ULUuYXPoT794UNOdU+gpT6Rzo7b4V2HUl/op6GqY894AZwv9faQ==",
            "requires": {
                "has-symbols": "^1.0.1"
            }
        },
        "is-utf8": {
            "version": "0.2.1",
            "resolved": "https://registry.npmjs.org/is-utf8/-/is-utf8-0.2.1.tgz",
            "integrity": "sha1-Sw2hRCEE0bM2NA6AeX6GXPOffXI="
        },
        "isarray": {
            "version": "1.0.0",
            "resolved": "https://registry.npmjs.org/isarray/-/isarray-1.0.0.tgz",
            "integrity": "sha1-u5NdSFgsuhaMBoNJV6VKPgcSTxE="
        },
        "iterate-value": {
            "version": "1.0.1",
            "resolved": "https://registry.npmjs.org/iterate-value/-/iterate-value-1.0.1.tgz",
            "integrity": "sha512-xc6jTbwPOWEdD26y41BpJBqh/w3kuEcsQxTypXD+xYQA2+OZIfemmkm725cnRbm1cHj4SMLUO1+7oIA97e88gg==",
            "requires": {
                "es-get-iterator": "^1.0.1"
            }
        },
        "jmespath": {
            "version": "0.15.0",
            "resolved": "https://registry.npmjs.org/jmespath/-/jmespath-0.15.0.tgz",
            "integrity": "sha1-o/Iiqarp+Wb10nx5ZRDigJF2Qhc="
        },
        "load-json-file": {
            "version": "1.1.0",
            "resolved": "https://registry.npmjs.org/load-json-file/-/load-json-file-1.1.0.tgz",
            "integrity": "sha1-lWkFcI1YtLq0wiYbBPWfMcmTdMA=",
            "requires": {
                "graceful-fs": "^4.1.2",
                "parse-json": "^2.2.0",
                "pify": "^2.0.0",
                "pinkie-promise": "^2.0.0",
                "strip-bom": "^2.0.0"
            }
        },
        "long": {
            "version": "4.0.0",
            "resolved": "https://registry.npmjs.org/long/-/long-4.0.0.tgz",
            "integrity": "sha512-XsP+KhQif4bjX1kbuSiySJFNAehNxgLb6hPRGJ9QsUr8ajHkuXGdrHmFUTUUXhDwVX2R5bY4JNZEwbUiMhV+MA=="
        },
        "loud-rejection": {
            "version": "1.6.0",
            "resolved": "https://registry.npmjs.org/loud-rejection/-/loud-rejection-1.6.0.tgz",
            "integrity": "sha1-W0b4AUft7leIcPCG0Eghz5mOVR8=",
            "requires": {
                "currently-unhandled": "^0.4.1",
                "signal-exit": "^3.0.0"
            }
        },
        "map-obj": {
            "version": "1.0.1",
            "resolved": "https://registry.npmjs.org/map-obj/-/map-obj-1.0.1.tgz",
            "integrity": "sha1-2TPOuSBdgr3PSIb2dCvcK03qFG0="
        },
        "meow": {
            "version": "3.7.0",
            "resolved": "https://registry.npmjs.org/meow/-/meow-3.7.0.tgz",
            "integrity": "sha1-cstmi0JSKCkKu/qFaJJYcwioAfs=",
            "requires": {
                "camelcase-keys": "^2.0.0",
                "decamelize": "^1.1.2",
                "loud-rejection": "^1.0.0",
                "map-obj": "^1.0.1",
                "minimist": "^1.1.3",
                "normalize-package-data": "^2.3.4",
                "object-assign": "^4.0.1",
                "read-pkg-up": "^1.0.1",
                "redent": "^1.0.0",
                "trim-newlines": "^1.0.0"
            }
        },
        "merge": {
            "version": "1.2.1",
            "resolved": "https://registry.npmjs.org/merge/-/merge-1.2.1.tgz",
            "integrity": "sha512-VjFo4P5Whtj4vsLzsYBu5ayHhoHJ0UqNm7ibvShmbmoz7tGi0vXaoJbGdB+GmDMLUdg8DpQXEIeVDAe8MaABvQ=="
        },
        "minimist": {
            "version": "1.2.5",
            "resolved": "https://registry.npmjs.org/minimist/-/minimist-1.2.5.tgz",
            "integrity": "sha512-FM9nNUYrRBAELZQT3xeZQ7fmMOBg6nWNmJKTcgsJeaLstP/UODVpGsr5OhXhhXg6f+qtJ8uiZ+PUxkDWcgIXLw=="
        },
        "normalize-package-data": {
            "version": "2.5.0",
            "resolved": "https://registry.npmjs.org/normalize-package-data/-/normalize-package-data-2.5.0.tgz",
            "integrity": "sha512-/5CMN3T0R4XTj4DcGaexo+roZSdSFW/0AOOTROrjxzCG1wrWXEsGbRKevjlIL+ZDE4sZlJr5ED4YW0yqmkK+eA==",
            "requires": {
                "hosted-git-info": "^2.1.4",
                "resolve": "^1.10.0",
                "semver": "2 || 3 || 4 || 5",
                "validate-npm-package-license": "^3.0.1"
            }
        },
        "number-is-nan": {
            "version": "1.0.1",
            "resolved": "https://registry.npmjs.org/number-is-nan/-/number-is-nan-1.0.1.tgz",
            "integrity": "sha1-CXtgK1NCKlIsGvuHkDGDNpQaAR0="
        },
        "object-assign": {
            "version": "4.1.1",
            "resolved": "https://registry.npmjs.org/object-assign/-/object-assign-4.1.1.tgz",
            "integrity": "sha1-IQmtx5ZYh8/AXLvUQsrIv7s2CGM="
        },
        "object-inspect": {
            "version": "1.7.0",
            "resolved": "https://registry.npmjs.org/object-inspect/-/object-inspect-1.7.0.tgz",
            "integrity": "sha512-a7pEHdh1xKIAgTySUGgLMx/xwDZskN1Ud6egYYN3EdRW4ZMPNEDUTF+hwy2LUC+Bl+SyLXANnwz/jyh/qutKUw=="
        },
        "object-keys": {
            "version": "1.1.1",
            "resolved": "https://registry.npmjs.org/object-keys/-/object-keys-1.1.1.tgz",
            "integrity": "sha512-NuAESUOUMrlIXOfHKzD6bpPu3tYt3xvjNdRIQ+FeT0lNb4K8WR70CaDxhuNguS2XG+GjkyMwOzsN5ZktImfhLA=="
        },
        "object.assign": {
            "version": "4.1.0",
            "resolved": "https://registry.npmjs.org/object.assign/-/object.assign-4.1.0.tgz",
            "integrity": "sha512-exHJeq6kBKj58mqGyTQ9DFvrZC/eR6OwxzoM9YRoGBqrXYonaFyGiFMuc9VZrXf7DarreEwMpurG3dd+CNyW5w==",
            "requires": {
                "define-properties": "^1.1.2",
                "function-bind": "^1.1.1",
                "has-symbols": "^1.0.0",
                "object-keys": "^1.0.11"
            }
        },
        "parse-json": {
            "version": "2.2.0",
            "resolved": "https://registry.npmjs.org/parse-json/-/parse-json-2.2.0.tgz",
            "integrity": "sha1-9ID0BDTvgHQfhGkJn43qGPVaTck=",
            "requires": {
                "error-ex": "^1.2.0"
            }
        },
        "path": {
            "version": "0.12.7",
            "resolved": "https://registry.npmjs.org/path/-/path-0.12.7.tgz",
            "integrity": "sha1-1NwqUGxM4hl+tIHr/NWzbAFAsQ8=",
            "requires": {
                "process": "^0.11.1",
                "util": "^0.10.3"
            }
        },
        "path-exists": {
            "version": "2.1.0",
            "resolved": "https://registry.npmjs.org/path-exists/-/path-exists-2.1.0.tgz",
            "integrity": "sha1-D+tsZPD8UY2adU3V77YscCJ2H0s=",
            "requires": {
                "pinkie-promise": "^2.0.0"
            }
        },
        "path-parse": {
            "version": "1.0.6",
            "resolved": "https://registry.npmjs.org/path-parse/-/path-parse-1.0.6.tgz",
            "integrity": "sha512-GSmOT2EbHrINBf9SR7CDELwlJ8AENk3Qn7OikK4nFYAu3Ote2+JYNVvkpAEQm3/TLNEJFD/xZJjzyxg3KBWOzw=="
        },
        "path-type": {
            "version": "1.1.0",
            "resolved": "https://registry.npmjs.org/path-type/-/path-type-1.1.0.tgz",
            "integrity": "sha1-WcRPfuSR2nBNpBXaWkBwuk+P5EE=",
            "requires": {
                "graceful-fs": "^4.1.2",
                "pify": "^2.0.0",
                "pinkie-promise": "^2.0.0"
            }
        },
        "pify": {
            "version": "2.3.0",
            "resolved": "https://registry.npmjs.org/pify/-/pify-2.3.0.tgz",
            "integrity": "sha1-7RQaasBDqEnqWISY59yosVMw6Qw="
        },
        "pinkie": {
            "version": "2.0.4",
            "resolved": "https://registry.npmjs.org/pinkie/-/pinkie-2.0.4.tgz",
            "integrity": "sha1-clVrgM+g1IqXToDnckjoDtT3+HA="
        },
        "pinkie-promise": {
            "version": "2.0.1",
            "resolved": "https://registry.npmjs.org/pinkie-promise/-/pinkie-promise-2.0.1.tgz",
            "integrity": "sha1-ITXW36ejWMBprJsXh3YogihFD/o=",
            "requires": {
                "pinkie": "^2.0.0"
            }
        },
        "prism-media": {
            "version": "0.0.3",
            "resolved": "https://registry.npmjs.org/prism-media/-/prism-media-0.0.3.tgz",
            "integrity": "sha512-c9KkNifSMU/iXT8FFTaBwBMr+rdVcN+H/uNv1o+CuFeTThNZNTOrQ+RgXA1yL/DeLk098duAeRPP3QNPNbhxYQ=="
        },
        "process": {
            "version": "0.11.10",
            "resolved": "https://registry.npmjs.org/process/-/process-0.11.10.tgz",
            "integrity": "sha1-czIwDoQBYb2j5podHZGn1LwW8YI="
        },
        "promise.allsettled": {
            "version": "1.0.2",
            "resolved": "https://registry.npmjs.org/promise.allsettled/-/promise.allsettled-1.0.2.tgz",
            "integrity": "sha512-UpcYW5S1RaNKT6pd+s9jp9K9rlQge1UXKskec0j6Mmuq7UJCvlS2J2/s/yuPN8ehftf9HXMxWlKiPbGGUzpoRg==",
            "requires": {
                "array.prototype.map": "^1.0.1",
                "define-properties": "^1.1.3",
                "es-abstract": "^1.17.0-next.1",
                "function-bind": "^1.1.1",
                "iterate-value": "^1.0.0"
            }
        },
        "punycode": {
            "version": "1.3.2",
            "resolved": "https://registry.npmjs.org/punycode/-/punycode-1.3.2.tgz",
            "integrity": "sha1-llOgNvt8HuQjQvIyXM7v6jkmxI0="
        },
        "querystring": {
            "version": "0.2.0",
            "resolved": "https://registry.npmjs.org/querystring/-/querystring-0.2.0.tgz",
            "integrity": "sha1-sgmEkgO7Jd+CDadW50cAWHhSFiA="
        },
        "read-pkg": {
            "version": "1.1.0",
            "resolved": "https://registry.npmjs.org/read-pkg/-/read-pkg-1.1.0.tgz",
            "integrity": "sha1-9f+qXs0pyzHAR0vKfXVra7KePyg=",
            "requires": {
                "load-json-file": "^1.0.0",
                "normalize-package-data": "^2.3.2",
                "path-type": "^1.0.0"
            }
        },
        "read-pkg-up": {
            "version": "1.0.1",
            "resolved": "https://registry.npmjs.org/read-pkg-up/-/read-pkg-up-1.0.1.tgz",
            "integrity": "sha1-nWPBMnbAZZGNV/ACpX9AobZD+wI=",
            "requires": {
                "find-up": "^1.0.0",
                "read-pkg": "^1.0.0"
            }
        },
        "redent": {
            "version": "1.0.0",
            "resolved": "https://registry.npmjs.org/redent/-/redent-1.0.0.tgz",
            "integrity": "sha1-z5Fqsf1fHxbfsggi3W7H9zDCr94=",
            "requires": {
                "indent-string": "^2.1.0",
                "strip-indent": "^1.0.1"
            }
        },
        "repeating": {
            "version": "2.0.1",
            "resolved": "https://registry.npmjs.org/repeating/-/repeating-2.0.1.tgz",
            "integrity": "sha1-UhTFOpJtNVJwdSf7q0FdvAjQbdo=",
            "requires": {
                "is-finite": "^1.0.0"
            }
        },
        "resolve": {
            "version": "1.12.0",
            "resolved": "https://registry.npmjs.org/resolve/-/resolve-1.12.0.tgz",
            "integrity": "sha512-B/dOmuoAik5bKcD6s6nXDCjzUKnaDvdkRyAk6rsmsKLipWj4797iothd7jmmUhWTfinVMU+wc56rYKsit2Qy4w==",
            "requires": {
                "path-parse": "^1.0.6"
            }
        },
        "sax": {
            "version": "1.2.1",
            "resolved": "https://registry.npmjs.org/sax/-/sax-1.2.1.tgz",
            "integrity": "sha1-e45lYZCyKOgaZq6nSEgNgozS03o="
        },
        "semver": {
            "version": "5.7.1",
            "resolved": "https://registry.npmjs.org/semver/-/semver-5.7.1.tgz",
            "integrity": "sha512-sauaDf/PZdVgrLTNYHRtpXa1iRiKcaebiKQ1BJdpQlWH2lCvexQdX55snPFyK7QzpudqbCI0qXFfOasHdyNDGQ=="
        },
        "signal-exit": {
            "version": "3.0.2",
            "resolved": "https://registry.npmjs.org/signal-exit/-/signal-exit-3.0.2.tgz",
            "integrity": "sha1-tf3AjxKH6hF4Yo5BXiUTK3NkbG0="
        },
        "snekfetch": {
            "version": "3.6.4",
            "resolved": "https://registry.npmjs.org/snekfetch/-/snekfetch-3.6.4.tgz",
            "integrity": "sha512-NjxjITIj04Ffqid5lqr7XdgwM7X61c/Dns073Ly170bPQHLm6jkmelye/eglS++1nfTWktpP6Y2bFXjdPlQqdw=="
        },
        "spdx-correct": {
            "version": "3.1.0",
            "resolved": "https://registry.npmjs.org/spdx-correct/-/spdx-correct-3.1.0.tgz",
            "integrity": "sha512-lr2EZCctC2BNR7j7WzJ2FpDznxky1sjfxvvYEyzxNyb6lZXHODmEoJeFu4JupYlkfha1KZpJyoqiJ7pgA1qq8Q==",
            "requires": {
                "spdx-expression-parse": "^3.0.0",
                "spdx-license-ids": "^3.0.0"
            }
        },
        "spdx-exceptions": {
            "version": "2.2.0",
            "resolved": "https://registry.npmjs.org/spdx-exceptions/-/spdx-exceptions-2.2.0.tgz",
            "integrity": "sha512-2XQACfElKi9SlVb1CYadKDXvoajPgBVPn/gOQLrTvHdElaVhr7ZEbqJaRnJLVNeaI4cMEAgVCeBMKF6MWRDCRA=="
        },
        "spdx-expression-parse": {
            "version": "3.0.0",
            "resolved": "https://registry.npmjs.org/spdx-expression-parse/-/spdx-expression-parse-3.0.0.tgz",
            "integrity": "sha512-Yg6D3XpRD4kkOmTpdgbUiEJFKghJH03fiC1OPll5h/0sO6neh2jqRDVHOQ4o/LMea0tgCkbMgea5ip/e+MkWyg==",
            "requires": {
                "spdx-exceptions": "^2.1.0",
                "spdx-license-ids": "^3.0.0"
            }
        },
        "spdx-license-ids": {
            "version": "3.0.5",
            "resolved": "https://registry.npmjs.org/spdx-license-ids/-/spdx-license-ids-3.0.5.tgz",
            "integrity": "sha512-J+FWzZoynJEXGphVIS+XEh3kFSjZX/1i9gFBaWQcB+/tmpe2qUsSBABpcxqxnAxFdiUFEgAX1bjYGQvIZmoz9Q=="
        },
        "string.prototype.trimleft": {
            "version": "2.1.1",
            "resolved": "https://registry.npmjs.org/string.prototype.trimleft/-/string.prototype.trimleft-2.1.1.tgz",
            "integrity": "sha512-iu2AGd3PuP5Rp7x2kEZCrB2Nf41ehzh+goo8TV7z8/XDBbsvc6HQIlUl9RjkZ4oyrW1XM5UwlGl1oVEaDjg6Ag==",
            "requires": {
                "define-properties": "^1.1.3",
                "function-bind": "^1.1.1"
            }
        },
        "string.prototype.trimright": {
            "version": "2.1.1",
            "resolved": "https://registry.npmjs.org/string.prototype.trimright/-/string.prototype.trimright-2.1.1.tgz",
            "integrity": "sha512-qFvWL3/+QIgZXVmJBfpHmxLB7xsUXz6HsUmP8+5dRaC3Q7oKUv9Vo6aMCRZC1smrtyECFsIT30PqBJ1gTjAs+g==",
            "requires": {
                "define-properties": "^1.1.3",
                "function-bind": "^1.1.1"
            }
        },
        "strip-ansi": {
            "version": "3.0.1",
            "resolved": "https://registry.npmjs.org/strip-ansi/-/strip-ansi-3.0.1.tgz",
            "integrity": "sha1-ajhfuIU9lS1f8F0Oiq+UJ43GPc8=",
            "requires": {
                "ansi-regex": "^2.0.0"
            }
        },
        "strip-bom": {
            "version": "2.0.0",
            "resolved": "https://registry.npmjs.org/strip-bom/-/strip-bom-2.0.0.tgz",
            "integrity": "sha1-YhmoVhZSBJHzV4i9vxRHqZx+aw4=",
            "requires": {
                "is-utf8": "^0.2.0"
            }
        },
        "strip-indent": {
            "version": "1.0.1",
            "resolved": "https://registry.npmjs.org/strip-indent/-/strip-indent-1.0.1.tgz",
            "integrity": "sha1-DHlipq3vp7vUrDZkYKY4VSrhoKI=",
            "requires": {
                "get-stdin": "^4.0.1"
            }
        },
        "supports-color": {
            "version": "2.0.0",
            "resolved": "https://registry.npmjs.org/supports-color/-/supports-color-2.0.0.tgz",
            "integrity": "sha1-U10EXOa2Nj+kARcIRimZXp3zJMc="
        },
        "trim-newlines": {
            "version": "1.0.0",
            "resolved": "https://registry.npmjs.org/trim-newlines/-/trim-newlines-1.0.0.tgz",
            "integrity": "sha1-WIeWa7WCpFA6QetST301ARgVphM="
        },
        "tweetnacl": {
            "version": "1.0.1",
            "resolved": "https://registry.npmjs.org/tweetnacl/-/tweetnacl-1.0.1.tgz",
            "integrity": "sha512-kcoMoKTPYnoeS50tzoqjPY3Uv9axeuuFAZY9M/9zFnhoVvRfxz9K29IMPD7jGmt2c8SW7i3gT9WqDl2+nV7p4A=="
        },
        "url": {
            "version": "0.10.3",
            "resolved": "https://registry.npmjs.org/url/-/url-0.10.3.tgz",
            "integrity": "sha1-Ah5NnHcF8hu/N9A861h2dAJ3TGQ=",
            "requires": {
                "punycode": "1.3.2",
                "querystring": "0.2.0"
            }
        },
        "util": {
            "version": "0.10.4",
            "resolved": "https://registry.npmjs.org/util/-/util-0.10.4.tgz",
            "integrity": "sha512-0Pm9hTQ3se5ll1XihRic3FDIku70C+iHUdT/W926rSgHV5QgXsYbKZN8MSC3tJtSkhuROzvsQjAaFENRXr+19A==",
            "requires": {
                "inherits": "2.0.3"
            }
        },
        "uuid": {
            "version": "3.3.2",
            "resolved": "https://registry.npmjs.org/uuid/-/uuid-3.3.2.tgz",
            "integrity": "sha512-yXJmeNaw3DnnKAOKJE51sL/ZaYfWJRl1pK9dr19YFCu0ObS231AB1/LbqTKRAQ5kw8A90rA6fr4riOUpTZvQZA=="
        },
        "validate-npm-package-license": {
            "version": "3.0.4",
            "resolved": "https://registry.npmjs.org/validate-npm-package-license/-/validate-npm-package-license-3.0.4.tgz",
            "integrity": "sha512-DpKm2Ui/xN7/HQKCtpZxoRWBhZ9Z0kqtygG8XCgNQ8ZlDnxuQmWhj566j8fN4Cu3/JmbhsDo7fcAJq4s9h27Ew==",
            "requires": {
                "spdx-correct": "^3.0.0",
                "spdx-expression-parse": "^3.0.0"
            }
        },
        "ws": {
            "version": "6.2.1",
            "resolved": "https://registry.npmjs.org/ws/-/ws-6.2.1.tgz",
            "integrity": "sha512-GIyAXC2cB7LjvpgMt9EKS2ldqr0MTrORaleiOno6TweZ6r3TKtoFQWay/2PceJ3RuBasOHzXNn5Lrw1X0bEjqA==",
            "requires": {
                "async-limiter": "~1.0.0"
            }
        },
        "xml2js": {
            "version": "0.4.19",
            "resolved": "https://registry.npmjs.org/xml2js/-/xml2js-0.4.19.tgz",
            "integrity": "sha512-esZnJZJOiJR9wWKMyuvSE1y6Dq5LCuJanqhxslH2bxM6duahNZ+HMpCLhBQGZkbX6xRf8x1Y2eJlgt2q3qo49Q==",
            "requires": {
                "sax": ">=0.6.0",
                "xmlbuilder": "~9.0.1"
            }
        },
        "xmlbuilder": {
            "version": "9.0.7",
            "resolved": "https://registry.npmjs.org/xmlbuilder/-/xmlbuilder-9.0.7.tgz",
            "integrity": "sha1-Ey7mPS7FVlxVfiD0wi35rKaGsQ0="
        }
    }
}
